
Microsoft Visual Studio Solution File, Format Version 12.00
# Visual Studio Version 16
VisualStudioVersion = 16.0.808.0
MinimumVisualStudioVersion = 10.0.40219.1
Project("{FAE04EC0-301F-11D3-BF4B-00C04F79EFBC}") = "Todolist.Android", "Todolist.Android\Todolist.Android.csproj", "{856A0174-F980-4A68-A7B2-0406B5C32EBA}"
EndProject
Project("{FAE04EC0-301F-11D3-BF4B-00C04F79EFBC}") = "Todolist.iOS", "Todolist.iOS\Todolist.iOS.csproj", "{0AB3B521-234D-471D-8E45-418C8EC0D0A6}"
EndProject
Project("{FAE04EC0-301F-11D3-BF4B-00C04F79EFBC}") = "Todolist", "Todolist\Todolist.csproj", "{6AAB31E5-7DC6-497F-BACC-C6FEA2FBBBA7}"
EndProject
Global
	GlobalSection(SolutionConfigurationPlatforms) = preSolution
		Debug|Any CPU = Debug|Any CPU
		Release|Any CPU = Release|Any CPU
		Debug|iPhoneSimulator = Debug|iPhoneSimulator
		Release|iPhoneSimulator = Release|iPhoneSimulator
		Debug|iPhone = Debug|iPhone
		Release|iPhone = Release|iPhone
	EndGlobalSection
	GlobalSection(ProjectConfigurationPlatforms) = postSolution
		{856A0174-F980-4A68-A7B2-0406B5C32EBA}.Debug|Any CPU.ActiveCfg = Debug|Any CPU
		{856A0174-F980-4A68-A7B2-0406B5C32EBA}.Debug|Any CPU.Build.0 = Debug|Any CPU
		{856A0174-F980-4A68-A7B2-0406B5C32EBA}.Release|Any CPU.ActiveCfg = Release|Any CPU
		{856A0174-F980-4A68-A7B2-0406B5C32EBA}.Release|Any CPU.Build.0 = Release|Any CPU
		{856A0174-F980-4A68-A7B2-0406B5C32EBA}.Debug|iPhoneSimulator.ActiveCfg = Debug|Any CPU
		{856A0174-F980-4A68-A7B2-0406B5C32EBA}.Debug|iPhoneSimulator.Build.0 = Debug|Any CPU
		{856A0174-F980-4A68-A7B2-0406B5C32EBA}.Release|iPhoneSimulator.ActiveCfg = Release|Any CPU
		{856A0174-F980-4A68-A7B2-0406B5C32EBA}.Release|iPhoneSimulator.Build.0 = Release|Any CPU
		{856A0174-F980-4A68-A7B2-0406B5C32EBA}.Debug|iPhone.ActiveCfg = Debug|Any CPU
		{856A0174-F980-4A68-A7B2-0406B5C32EBA}.Debug|iPhone.Build.0 = Debug|Any CPU
		{856A0174-F980-4A68-A7B2-0406B5C32EBA}.Release|iPhone.ActiveCfg = Release|Any CPU
		{856A0174-F980-4A68-A7B2-0406B5C32EBA}.Release|iPhone.Build.0 = Release|Any CPU
		{0AB3B521-234D-471D-8E45-418C8EC0D0A6}.Debug|Any CPU.ActiveCfg = Debug|iPhoneSimulator
		{0AB3B521-234D-471D-8E45-418C8EC0D0A6}.Debug|Any CPU.Build.0 = Debug|iPhoneSimulator
		{0AB3B521-234D-471D-8E45-418C8EC0D0A6}.Release|Any CPU.ActiveCfg = Release|iPhoneSimulator
		{0AB3B521-234D-471D-8E45-418C8EC0D0A6}.Release|Any CPU.Build.0 = Release|iPhoneSimulator
		{0AB3B521-234D-471D-8E45-418C8EC0D0A6}.Debug|iPhoneSimulator.ActiveCfg = Debug|iPhoneSimulator
		{0AB3B521-234D-471D-8E45-418C8EC0D0A6}.Debug|iPhoneSimulator.Build.0 = Debug|iPhoneSimulator
		{0AB3B521-234D-471D-8E45-418C8EC0D0A6}.Release|iPhoneSimulator.ActiveCfg = Release|iPhoneSimulator
		{0AB3B521-234D-471D-8E45-418C8EC0D0A6}.Release|iPhoneSimulator.Build.0 = Release|iPhoneSimulator
		{0AB3B521-234D-471D-8E45-418C8EC0D0A6}.Debug|iPhone.ActiveCfg = Debug|iPhone
		{0AB3B521-234D-471D-8E45-418C8EC0D0A6}.Debug|iPhone.Build.0 = Debug|iPhone
		{0AB3B521-234D-471D-8E45-418C8EC0D0A6}.Release|iPhone.ActiveCfg = Release|iPhone
		{0AB3B521-234D-471D-8E45-418C8EC0D0A6}.Release|iPhone.Build.0 = Release|iPhone
		{6AAB31E5-7DC6-497F-BACC-C6FEA2FBBBA7}.Debug|Any CPU.ActiveCfg = Debug|Any CPU
		{6AAB31E5-7DC6-497F-BACC-C6FEA2FBBBA7}.Debug|Any CPU.Build.0 = Debug|Any CPU
		{6AAB31E5-7DC6-497F-BACC-C6FEA2FBBBA7}.Release|Any CPU.ActiveCfg = Release|Any CPU
		{6AAB31E5-7DC6-497F-BACC-C6FEA2FBBBA7}.Release|Any CPU.Build.0 = Release|Any CPU
		{6AAB31E5-7DC6-497F-BACC-C6FEA2FBBBA7}.Debug|iPhoneSimulator.ActiveCfg = Debug|Any CPU
		{6AAB31E5-7DC6-497F-BACC-C6FEA2FBBBA7}.Debug|iPhoneSimulator.Build.0 = Debug|Any CPU
		{6AAB31E5-7DC6-497F-BACC-C6FEA2FBBBA7}.Release|iPhoneSimulator.ActiveCfg = Release|Any CPU
		{6AAB31E5-7DC6-497F-BACC-C6FEA2FBBBA7}.Release|iPhoneSimulator.Build.0 = Release|Any CPU
		{6AAB31E5-7DC6-497F-BACC-C6FEA2FBBBA7}.Debug|iPhone.ActiveCfg = Debug|Any CPU
		{6AAB31E5-7DC6-497F-BACC-C6FEA2FBBBA7}.Debug|iPhone.Build.0 = Debug|Any CPU
		{6AAB31E5-7DC6-497F-BACC-C6FEA2FBBBA7}.Release|iPhone.ActiveCfg = Release|Any CPU
		{6AAB31E5-7DC6-497F-BACC-C6FEA2FBBBA7}.Release|iPhone.Build.0 = Release|Any CPU
	EndGlobalSection
	GlobalSection(SolutionProperties) = preSolution
		HideSolutionNode = FALSE
	EndGlobalSection
	GlobalSection(ExtensibilityGlobals) = postSolution
		SolutionGuid = {2363684B-5883-4823-B1C6-548B851BF126}
	EndGlobalSection
EndGlobal
